// !$*UTF8*$!
{
	archiveVersion = 1;
	classes = {
	};
	objectVersion = 50;
	objects = {

/* Begin PBXBuildFile section */
		09198ACC243576E30075C309 /* NumberExtensions.swift in Sources */ = {isa = PBXBuildFile; fileRef = 09198ACB243576E30075C309 /* NumberExtensions.swift */; };
		094A6FCD242D8EA300D0E9E4 /* AppDelegate.swift in Sources */ = {isa = PBXBuildFile; fileRef = 094A6FCC242D8EA300D0E9E4 /* AppDelegate.swift */; };
		094A6FCF242D8EA300D0E9E4 /* art.scnassets in Resources */ = {isa = PBXBuildFile; fileRef = 094A6FCE242D8EA300D0E9E4 /* art.scnassets */; };
		094A6FD1242D8EA300D0E9E4 /* CountryARViewController.swift in Sources */ = {isa = PBXBuildFile; fileRef = 094A6FD0242D8EA300D0E9E4 /* CountryARViewController.swift */; };
		094A6FD4242D8EA300D0E9E4 /* Main.storyboard in Resources */ = {isa = PBXBuildFile; fileRef = 094A6FD2242D8EA300D0E9E4 /* Main.storyboard */; };
		094A6FD6242D8EA400D0E9E4 /* Assets.xcassets in Resources */ = {isa = PBXBuildFile; fileRef = 094A6FD5242D8EA400D0E9E4 /* Assets.xcassets */; };
		094A6FD9242D8EA400D0E9E4 /* LaunchScreen.storyboard in Resources */ = {isa = PBXBuildFile; fileRef = 094A6FD7242D8EA400D0E9E4 /* LaunchScreen.storyboard */; };
		097E001124345EA9003C10D6 /* NetworkServices.swift in Sources */ = {isa = PBXBuildFile; fileRef = 097E001024345EA9003C10D6 /* NetworkServices.swift */; };
		097E001524345F69003C10D6 /* CountryModel.swift in Sources */ = {isa = PBXBuildFile; fileRef = 097E001424345F69003C10D6 /* CountryModel.swift */; };
		097E0017243464FE003C10D6 /* CountryInfoModel.swift in Sources */ = {isa = PBXBuildFile; fileRef = 097E0016243464FE003C10D6 /* CountryInfoModel.swift */; };
		097E001B24352D94003C10D6 /* CountryViewModel.swift in Sources */ = {isa = PBXBuildFile; fileRef = 097E001A24352D94003C10D6 /* CountryViewModel.swift */; };
		097E001D243535C0003C10D6 /* CountryServices.swift in Sources */ = {isa = PBXBuildFile; fileRef = 097E001C243535C0003C10D6 /* CountryServices.swift */; };
		097E002024353E18003C10D6 /* CountriesGlobeScene.swift in Sources */ = {isa = PBXBuildFile; fileRef = 097E001F24353E18003C10D6 /* CountriesGlobeScene.swift */; };
		097E00222435424B003C10D6 /* CountryInfoNode.swift in Sources */ = {isa = PBXBuildFile; fileRef = 097E00212435424B003C10D6 /* CountryInfoNode.swift */; };
/* End PBXBuildFile section */

/* Begin PBXFileReference section */
		09198ACB243576E30075C309 /* NumberExtensions.swift */ = {isa = PBXFileReference; lastKnownFileType = sourcecode.swift; path = NumberExtensions.swift; sourceTree = "<group>"; };
		094A6FC9242D8EA300D0E9E4 /* Covid19TrackerAR.app */ = {isa = PBXFileReference; explicitFileType = wrapper.application; includeInIndex = 0; path = Covid19TrackerAR.app; sourceTree = BUILT_PRODUCTS_DIR; };
		094A6FCC242D8EA300D0E9E4 /* AppDelegate.swift */ = {isa = PBXFileReference; lastKnownFileType = sourcecode.swift; path = AppDelegate.swift; sourceTree = "<group>"; };
		094A6FCE242D8EA300D0E9E4 /* art.scnassets */ = {isa = PBXFileReference; lastKnownFileType = wrapper.scnassets; path = art.scnassets; sourceTree = "<group>"; };
		094A6FD0242D8EA300D0E9E4 /* CountryARViewController.swift */ = {isa = PBXFileReference; lastKnownFileType = sourcecode.swift; path = CountryARViewController.swift; sourceTree = "<group>"; };
		094A6FD3242D8EA300D0E9E4 /* Base */ = {isa = PBXFileReference; lastKnownFileType = file.storyboard; name = Base; path = Base.lproj/Main.storyboard; sourceTree = "<group>"; };
		094A6FD5242D8EA400D0E9E4 /* Assets.xcassets */ = {isa = PBXFileReference; lastKnownFileType = folder.assetcatalog; path = Assets.xcassets; sourceTree = "<group>"; };
		094A6FD8242D8EA400D0E9E4 /* Base */ = {isa = PBXFileReference; lastKnownFileType = file.storyboard; name = Base; path = Base.lproj/LaunchScreen.storyboard; sourceTree = "<group>"; };
		094A6FDA242D8EA400D0E9E4 /* Info.plist */ = {isa = PBXFileReference; lastKnownFileType = text.plist.xml; path = Info.plist; sourceTree = "<group>"; };
		097E001024345EA9003C10D6 /* NetworkServices.swift */ = {isa = PBXFileReference; lastKnownFileType = sourcecode.swift; path = NetworkServices.swift; sourceTree = "<group>"; };
		097E001424345F69003C10D6 /* CountryModel.swift */ = {isa = PBXFileReference; lastKnownFileType = sourcecode.swift; path = CountryModel.swift; sourceTree = "<group>"; };
		097E0016243464FE003C10D6 /* CountryInfoModel.swift */ = {isa = PBXFileReference; lastKnownFileType = sourcecode.swift; path = CountryInfoModel.swift; sourceTree = "<group>"; };
		097E001A24352D94003C10D6 /* CountryViewModel.swift */ = {isa = PBXFileReference; lastKnownFileType = sourcecode.swift; path = CountryViewModel.swift; sourceTree = "<group>"; };
		097E001C243535C0003C10D6 /* CountryServices.swift */ = {isa = PBXFileReference; lastKnownFileType = sourcecode.swift; path = CountryServices.swift; sourceTree = "<group>"; };
		097E001F24353E18003C10D6 /* CountriesGlobeScene.swift */ = {isa = PBXFileReference; lastKnownFileType = sourcecode.swift; path = CountriesGlobeScene.swift; sourceTree = "<group>"; };
		097E00212435424B003C10D6 /* CountryInfoNode.swift */ = {isa = PBXFileReference; lastKnownFileType = sourcecode.swift; path = CountryInfoNode.swift; sourceTree = "<group>"; };
/* End PBXFileReference section */

/* Begin PBXFrameworksBuildPhase section */
		094A6FC6242D8EA300D0E9E4 /* Frameworks */ = {
			isa = PBXFrameworksBuildPhase;
			buildActionMask = 2147483647;
			files = (
			);
			runOnlyForDeploymentPostprocessing = 0;
		};
/* End PBXFrameworksBuildPhase section */

/* Begin PBXGroup section */
		09198AC9243576CA0075C309 /* Utils */ = {
			isa = PBXGroup;
			children = (
				09198ACA243576D10075C309 /* Extensions */,
			);
			path = Utils;
			sourceTree = "<group>";
		};
		09198ACA243576D10075C309 /* Extensions */ = {
			isa = PBXGroup;
			children = (
				09198ACB243576E30075C309 /* NumberExtensions.swift */,
			);
			path = Extensions;
			sourceTree = "<group>";
		};
		094A6FC0242D8EA300D0E9E4 = {
			isa = PBXGroup;
			children = (
				094A6FCB242D8EA300D0E9E4 /* Covid19TrackerAR */,
				094A6FCA242D8EA300D0E9E4 /* Products */,
			);
			sourceTree = "<group>";
		};
		094A6FCA242D8EA300D0E9E4 /* Products */ = {
			isa = PBXGroup;
			children = (
				094A6FC9242D8EA300D0E9E4 /* Covid19TrackerAR.app */,
			);
			name = Products;
			sourceTree = "<group>";
		};
		094A6FCB242D8EA300D0E9E4 /* Covid19TrackerAR */ = {
			isa = PBXGroup;
			children = (
				09198AC9243576CA0075C309 /* Utils */,
				097E001E24353DF8003C10D6 /* Scenes */,
				097E001924352D18003C10D6 /* ViewModels */,
				097E001824352D0E003C10D6 /* ViewControllers */,
				097E001324345F4D003C10D6 /* Models */,
				097E000F24345E84003C10D6 /* Services */,
				094A6FCC242D8EA300D0E9E4 /* AppDelegate.swift */,
				094A6FCE242D8EA300D0E9E4 /* art.scnassets */,
				094A6FD2242D8EA300D0E9E4 /* Main.storyboard */,
				094A6FD5242D8EA400D0E9E4 /* Assets.xcassets */,
				094A6FD7242D8EA400D0E9E4 /* LaunchScreen.storyboard */,
				094A6FDA242D8EA400D0E9E4 /* Info.plist */,
			);
			path = Covid19TrackerAR;
			sourceTree = "<group>";
		};
		097E000F24345E84003C10D6 /* Services */ = {
			isa = PBXGroup;
			children = (
				097E001024345EA9003C10D6 /* NetworkServices.swift */,
				097E001C243535C0003C10D6 /* CountryServices.swift */,
			);
			path = Services;
			sourceTree = "<group>";
		};
		097E001324345F4D003C10D6 /* Models */ = {
			isa = PBXGroup;
			children = (
				097E001424345F69003C10D6 /* CountryModel.swift */,
				097E0016243464FE003C10D6 /* CountryInfoModel.swift */,
			);
			path = Models;
			sourceTree = "<group>";
		};
		097E001824352D0E003C10D6 /* ViewControllers */ = {
			isa = PBXGroup;
			children = (
				094A6FD0242D8EA300D0E9E4 /* CountryARViewController.swift */,
			);
			path = ViewControllers;
			sourceTree = "<group>";
		};
		097E001924352D18003C10D6 /* ViewModels */ = {
			isa = PBXGroup;
			children = (
				097E001A24352D94003C10D6 /* CountryViewModel.swift */,
			);
			path = ViewModels;
			sourceTree = "<group>";
		};
		097E001E24353DF8003C10D6 /* Scenes */ = {
			isa = PBXGroup;
			children = (
				097E001F24353E18003C10D6 /* CountriesGlobeScene.swift */,
				097E00212435424B003C10D6 /* CountryInfoNode.swift */,
			);
			path = Scenes;
			sourceTree = "<group>";
		};
/* End PBXGroup section */

/* Begin PBXNativeTarget section */
		094A6FC8242D8EA300D0E9E4 /* Covid19TrackerAR */ = {
			isa = PBXNativeTarget;
			buildConfigurationList = 094A6FDD242D8EA400D0E9E4 /* Build configuration list for PBXNativeTarget "Covid19TrackerAR" */;
			buildPhases = (
				094A6FC5242D8EA300D0E9E4 /* Sources */,
				094A6FC6242D8EA300D0E9E4 /* Frameworks */,
				094A6FC7242D8EA300D0E9E4 /* Resources */,
			);
			buildRules = (
			);
			dependencies = (
			);
			name = Covid19TrackerAR;
			productName = Covid19TrackerAR;
			productReference = 094A6FC9242D8EA300D0E9E4 /* Covid19TrackerAR.app */;
			productType = "com.apple.product-type.application";
		};
/* End PBXNativeTarget section */

/* Begin PBXProject section */
		094A6FC1242D8EA300D0E9E4 /* Project object */ = {
			isa = PBXProject;
			attributes = {
				LastSwiftUpdateCheck = 1130;
				LastUpgradeCheck = 1130;
				ORGANIZATIONNAME = "Ingrid Guerrero";
				TargetAttributes = {
					094A6FC8242D8EA300D0E9E4 = {
						CreatedOnToolsVersion = 11.3.1;
					};
				};
			};
			buildConfigurationList = 094A6FC4242D8EA300D0E9E4 /* Build configuration list for PBXProject "Covid19TrackerAR" */;
			compatibilityVersion = "Xcode 9.3";
			developmentRegion = en;
			hasScannedForEncodings = 0;
			knownRegions = (
				en,
				Base,
			);
			mainGroup = 094A6FC0242D8EA300D0E9E4;
			productRefGroup = 094A6FCA242D8EA300D0E9E4 /* Products */;
			projectDirPath = "";
			projectRoot = "";
			targets = (
				094A6FC8242D8EA300D0E9E4 /* Covid19TrackerAR */,
			);
		};
/* End PBXProject section */

/* Begin PBXResourcesBuildPhase section */
		094A6FC7242D8EA300D0E9E4 /* Resources */ = {
			isa = PBXResourcesBuildPhase;
			buildActionMask = 2147483647;
			files = (
				094A6FCF242D8EA300D0E9E4 /* art.scnassets in Resources */,
				094A6FD9242D8EA400D0E9E4 /* LaunchScreen.storyboard in Resources */,
				094A6FD6242D8EA400D0E9E4 /* Assets.xcassets in Resources */,
				094A6FD4242D8EA300D0E9E4 /* Main.storyboard in Resources */,
			);
			runOnlyForDeploymentPostprocessing = 0;
		};
/* End PBXResourcesBuildPhase section */

/* Begin PBXSourcesBuildPhase section */
		094A6FC5242D8EA300D0E9E4 /* Sources */ = {
			isa = PBXSourcesBuildPhase;
			buildActionMask = 2147483647;
			files = (
				097E0017243464FE003C10D6 /* CountryInfoModel.swift in Sources */,
				097E001524345F69003C10D6 /* CountryModel.swift in Sources */,
				094A6FD1242D8EA300D0E9E4 /* CountryARViewController.swift in Sources */,
				097E001B24352D94003C10D6 /* CountryViewModel.swift in Sources */,
				097E001124345EA9003C10D6 /* NetworkServices.swift in Sources */,
				09198ACC243576E30075C309 /* NumberExtensions.swift in Sources */,
				097E001D243535C0003C10D6 /* CountryServices.swift in Sources */,
				094A6FCD242D8EA300D0E9E4 /* AppDelegate.swift in Sources */,
				097E00222435424B003C10D6 /* CountryInfoNode.swift in Sources */,
				097E002024353E18003C10D6 /* CountriesGlobeScene.swift in Sources */,
			);
			runOnlyForDeploymentPostprocessing = 0;
		};
/* End PBXSourcesBuildPhase section */

/* Begin PBXVariantGroup section */
		094A6FD2242D8EA300D0E9E4 /* Main.storyboard */ = {
			isa = PBXVariantGroup;
			children = (
				094A6FD3242D8EA300D0E9E4 /* Base */,
			);
			name = Main.storyboard;
			sourceTree = "<group>";
		};
		094A6FD7242D8EA400D0E9E4 /* LaunchScreen.storyboard */ = {
			isa = PBXVariantGroup;
			children = (
				094A6FD8242D8EA400D0E9E4 /* Base */,
			);
			name = LaunchScreen.storyboard;
			sourceTree = "<group>";
		};
/* End PBXVariantGroup section */

/* Begin XCBuildConfiguration section */
		094A6FDB242D8EA400D0E9E4 /* Debug */ = {
			isa = XCBuildConfiguration;
			buildSettings = {
				ALWAYS_SEARCH_USER_PATHS = NO;
				CLANG_ANALYZER_NONNULL = YES;
				CLANG_ANALYZER_NUMBER_OBJECT_CONVERSION = YES_AGGRESSIVE;
				CLANG_CXX_LANGUAGE_STANDARD = "gnu++14";
				CLANG_CXX_LIBRARY = "libc++";
				CLANG_ENABLE_MODULES = YES;
				CLANG_ENABLE_OBJC_ARC = YES;
				CLANG_ENABLE_OBJC_WEAK = YES;
				CLANG_WARN_BLOCK_CAPTURE_AUTORELEASING = YES;
				CLANG_WARN_BOOL_CONVERSION = YES;
				CLANG_WARN_COMMA = YES;
				CLANG_WARN_CONSTANT_CONVERSION = YES;
				CLANG_WARN_DEPRECATED_OBJC_IMPLEMENTATIONS = YES;
				CLANG_WARN_DIRECT_OBJC_ISA_USAGE = YES_ERROR;
				CLANG_WARN_DOCUMENTATION_COMMENTS = YES;
				CLANG_WARN_EMPTY_BODY = YES;
				CLANG_WARN_ENUM_CONVERSION = YES;
				CLANG_WARN_INFINITE_RECURSION = YES;
				CLANG_WARN_INT_CONVERSION = YES;
				CLANG_WARN_NON_LITERAL_NULL_CONVERSION = YES;
				CLANG_WARN_OBJC_IMPLICIT_RETAIN_SELF = YES;
				CLANG_WARN_OBJC_LITERAL_CONVERSION = YES;
				CLANG_WARN_OBJC_ROOT_CLASS = YES_ERROR;
				CLANG_WARN_RANGE_LOOP_ANALYSIS = YES;
				CLANG_WARN_STRICT_PROTOTYPES = YES;
				CLANG_WARN_SUSPICIOUS_MOVE = YES;
				CLANG_WARN_UNGUARDED_AVAILABILITY = YES_AGGRESSIVE;
				CLANG_WARN_UNREACHABLE_CODE = YES;
				CLANG_WARN__DUPLICATE_METHOD_MATCH = YES;
				COPY_PHASE_STRIP = NO;
				DEBUG_INFORMATION_FORMAT = dwarf;
				ENABLE_STRICT_OBJC_MSGSEND = YES;
				ENABLE_TESTABILITY = YES;
				GCC_C_LANGUAGE_STANDARD = gnu11;
				GCC_DYNAMIC_NO_PIC = NO;
				GCC_NO_COMMON_BLOCKS = YES;
				GCC_OPTIMIZATION_LEVEL = 0;
				GCC_PREPROCESSOR_DEFINITIONS = (
					"DEBUG=1",
					"$(inherited)",
				);
				GCC_WARN_64_TO_32_BIT_CONVERSION = YES;
				GCC_WARN_ABOUT_RETURN_TYPE = YES_ERROR;
				GCC_WARN_UNDECLARED_SELECTOR = YES;
				GCC_WARN_UNINITIALIZED_AUTOS = YES_AGGRESSIVE;
				GCC_WARN_UNUSED_FUNCTION = YES;
				GCC_WARN_UNUSED_VARIABLE = YES;
				IPHONEOS_DEPLOYMENT_TARGET = 13.2;
				MTL_ENABLE_DEBUG_INFO = INCLUDE_SOURCE;
				MTL_FAST_MATH = YES;
				ONLY_ACTIVE_ARCH = YES;
				SDKROOT = iphoneos;
				SWIFT_ACTIVE_COMPILATION_CONDITIONS = DEBUG;
				SWIFT_OPTIMIZATION_LEVEL = "-Onone";
			};
			name = Debug;
		};
		094A6FDC242D8EA400D0E9E4 /* Release */ = {
			isa = XCBuildConfiguration;
			buildSettings = {
				ALWAYS_SEARCH_USER_PATHS = NO;
				CLANG_ANALYZER_NONNULL = YES;
				CLANG_ANALYZER_NUMBER_OBJECT_CONVERSION = YES_AGGRESSIVE;
				CLANG_CXX_LANGUAGE_STANDARD = "gnu++14";
				CLANG_CXX_LIBRARY = "libc++";
				CLANG_ENABLE_MODULES = YES;
				CLANG_ENABLE_OBJC_ARC = YES;
				CLANG_ENABLE_OBJC_WEAK = YES;
				CLANG_WARN_BLOCK_CAPTURE_AUTORELEASING = YES;
				CLANG_WARN_BOOL_CONVERSION = YES;
				CLANG_WARN_COMMA = YES;
				CLANG_WARN_CONSTANT_CONVERSION = YES;
				CLANG_WARN_DEPRECATED_OBJC_IMPLEMENTATIONS = YES;
				CLANG_WARN_DIRECT_OBJC_ISA_USAGE = YES_ERROR;
				CLANG_WARN_DOCUMENTATION_COMMENTS = YES;
				CLANG_WARN_EMPTY_BODY = YES;
				CLANG_WARN_ENUM_CONVERSION = YES;
				CLANG_WARN_INFINITE_RECURSION = YES;
				CLANG_WARN_INT_CONVERSION = YES;
				CLANG_WARN_NON_LITERAL_NULL_CONVERSION = YES;
				CLANG_WARN_OBJC_IMPLICIT_RETAIN_SELF = YES;
				CLANG_WARN_OBJC_LITERAL_CONVERSION = YES;
				CLANG_WARN_OBJC_ROOT_CLASS = YES_ERROR;
				CLANG_WARN_RANGE_LOOP_ANALYSIS = YES;
				CLANG_WARN_STRICT_PROTOTYPES = YES;
				CLANG_WARN_SUSPICIOUS_MOVE = YES;
				CLANG_WARN_UNGUARDED_AVAILABILITY = YES_AGGRESSIVE;
				CLANG_WARN_UNREACHABLE_CODE = YES;
				CLANG_WARN__DUPLICATE_METHOD_MATCH = YES;
				COPY_PHASE_STRIP = NO;
				DEBUG_INFORMATION_FORMAT = "dwarf-with-dsym";
				ENABLE_NS_ASSERTIONS = NO;
				ENABLE_STRICT_OBJC_MSGSEND = YES;
				GCC_C_LANGUAGE_STANDARD = gnu11;
				GCC_NO_COMMON_BLOCKS = YES;
				GCC_WARN_64_TO_32_BIT_CONVERSION = YES;
				GCC_WARN_ABOUT_RETURN_TYPE = YES_ERROR;
				GCC_WARN_UNDECLARED_SELECTOR = YES;
				GCC_WARN_UNINITIALIZED_AUTOS = YES_AGGRESSIVE;
				GCC_WARN_UNUSED_FUNCTION = YES;
				GCC_WARN_UNUSED_VARIABLE = YES;
				IPHONEOS_DEPLOYMENT_TARGET = 13.2;
				MTL_ENABLE_DEBUG_INFO = NO;
				MTL_FAST_MATH = YES;
				SDKROOT = iphoneos;
				SWIFT_COMPILATION_MODE = wholemodule;
				SWIFT_OPTIMIZATION_LEVEL = "-O";
				VALIDATE_PRODUCT = YES;
			};
			name = Release;
		};
		094A6FDE242D8EA400D0E9E4 /* Debug */ = {
			isa = XCBuildConfiguration;
			buildSettings = {
				ASSETCATALOG_COMPILER_APPICON_NAME = AppIcon;
				CODE_SIGN_STYLE = Automatic;
				DEVELOPMENT_TEAM = LMPL8JT7Y7;
				INFOPLIST_FILE = Covid19TrackerAR/Info.plist;
				LD_RUNPATH_SEARCH_PATHS = (
					"$(inherited)",
					"@executable_path/Frameworks",
				);
				PRODUCT_BUNDLE_IDENTIFIER = com.StreetCoding.Covid19TrackerAR;
				PRODUCT_NAME = "$(TARGET_NAME)";
				SWIFT_VERSION = 5.0;
				TARGETED_DEVICE_FAMILY = "1,2";
			};
			name = Debug;
		};
		094A6FDF242D8EA400D0E9E4 /* Release */ = {
			isa = XCBuildConfiguration;
			buildSettings = {
				ASSETCATALOG_COMPILER_APPICON_NAME = AppIcon;
				CODE_SIGN_STYLE = Automatic;
				DEVELOPMENT_TEAM = LMPL8JT7Y7;
				INFOPLIST_FILE = Covid19TrackerAR/Info.plist;
				LD_RUNPATH_SEARCH_PATHS = (
					"$(inherited)",
					"@executable_path/Frameworks",
				);
				PRODUCT_BUNDLE_IDENTIFIER = com.StreetCoding.Covid19TrackerAR;
				PRODUCT_NAME = "$(TARGET_NAME)";
				SWIFT_VERSION = 5.0;
				TARGETED_DEVICE_FAMILY = "1,2";
			};
			name = Release;
		};
/* End XCBuildConfiguration section */

/* Begin XCConfigurationList section */
		094A6FC4242D8EA300D0E9E4 /* Build configuration list for PBXProject "Covid19TrackerAR" */ = {
			isa = XCConfigurationList;
			buildConfigurations = (
				094A6FDB242D8EA400D0E9E4 /* Debug */,
				094A6FDC242D8EA400D0E9E4 /* Release */,
			);
			defaultConfigurationIsVisible = 0;
			defaultConfigurationName = Release;
		};
		094A6FDD242D8EA400D0E9E4 /* Build configuration list for PBXNativeTarget "Covid19TrackerAR" */ = {
			isa = XCConfigurationList;
			buildConfigurations = (
				094A6FDE242D8EA400D0E9E4 /* Debug */,
				094A6FDF242D8EA400D0E9E4 /* Release */,
			);
			defaultConfigurationIsVisible = 0;
			defaultConfigurationName = Release;
		};
/* End XCConfigurationList section */
	};
	rootObject = 094A6FC1242D8EA300D0E9E4 /* Project object */;
}
